
Microsoft Visual Studio Solution File, Format Version 12.00
# Visual Studio 14
VisualStudioVersion = 14.0.25420.1
MinimumVisualStudioVersion = 10.0.40219.1
Project("{2150E333-8FDC-42A3-9474-1A3956D46DE8}") = "src", "src", "{EBC87DA9-A1FB-49B5-880E-7E3FDF624CDA}"
EndProject
Project("{2150E333-8FDC-42A3-9474-1A3956D46DE8}") = "Solution Items", "Solution Items", "{67B278C0-A98D-4F53-A809-56BAC0F2CA4B}"
	ProjectSection(SolutionItems) = preProject
		global.json = global.json
	EndProjectSection
EndProject
Project("{8BB2217D-0F2D-49D1-97BC-3654ED321F3B}") = "ASPNETMVCSample", "src\ASPNETMVCSample\ASPNETMVCSample.xproj", "{199D3F58-EF10-4040-B1B3-903AAF5B454E}"
EndProject
Global
	GlobalSection(SolutionConfigurationPlatforms) = preSolution
		Debug|Any CPU = Debug|Any CPU
		Release|Any CPU = Release|Any CPU
	EndGlobalSection
	GlobalSection(ProjectConfigurationPlatforms) = postSolution
		{199D3F58-EF10-4040-B1B3-903AAF5B454E}.Debug|Any CPU.ActiveCfg = Debug|Any CPU
		{199D3F58-EF10-4040-B1B3-903AAF5B454E}.Debug|Any CPU.Build.0 = Debug|Any CPU
		{199D3F58-EF10-4040-B1B3-903AAF5B454E}.Release|Any CPU.ActiveCfg = Release|Any CPU
		{199D3F58-EF10-4040-B1B3-903AAF5B454E}.Release|Any CPU.Build.0 = Release|Any CPU
	EndGlobalSection
	GlobalSection(SolutionProperties) = preSolution
		HideSolutionNode = FALSE
	EndGlobalSection
	GlobalSection(NestedProjects) = preSolution
		{199D3F58-EF10-4040-B1B3-903AAF5B454E} = {EBC87DA9-A1FB-49B5-880E-7E3FDF624CDA}
	EndGlobalSection
EndGlobal
